
Microsoft Visual Studio Solution File, Format Version 12.00
# Visual Studio Version 17
VisualStudioVersion = 17.2.32602.215
MinimumVisualStudioVersion = 10.0.40219.1
Project("{9A19103F-16F7-4668-BE54-9A1E7A4F7556}") = "HempenstallXYZ", "HempenstallXYZ\HempenstallXYZ.csproj", "{51F72FBA-668A-4212-90CC-C20692313B16}"
EndProject
Global
	GlobalSection(SolutionConfigurationPlatforms) = preSolution
		Debug|Any CPU = Debug|Any CPU
		Release|Any CPU = Release|Any CPU
	EndGlobalSection
	GlobalSection(ProjectConfigurationPlatforms) = postSolution
		{51F72FBA-668A-4212-90CC-C20692313B16}.Debug|Any CPU.ActiveCfg = Debug|Any CPU
		{51F72FBA-668A-4212-90CC-C20692313B16}.Debug|Any CPU.Build.0 = Debug|Any CPU
		{51F72FBA-668A-4212-90CC-C20692313B16}.Release|Any CPU.ActiveCfg = Release|Any CPU
		{51F72FBA-668A-4212-90CC-C20692313B16}.Release|Any CPU.Build.0 = Release|Any CPU
	EndGlobalSection
	GlobalSection(SolutionProperties) = preSolution
		HideSolutionNode = FALSE
	EndGlobalSection
	GlobalSection(ExtensibilityGlobals) = postSolution
		SolutionGuid = {A2EC7DA5-05F9-47A3-8DE5-EFE1B0269ABC}
	EndGlobalSection
EndGlobal
